<?xml version="1.0" encoding="utf-8"?>
<Project ToolsVersion="4.0" xmlns="http://schemas.microsoft.com/developer/msbuild/2003">
  <ItemGroup>
    <Filter Include="importing">
      <UniqueIdentifier>{eab18d9a-8ecf-4beb-b433-a3640cd4bcdf}</UniqueIdentifier>
    </Filter>
    <Filter Include="backends">
      <UniqueIdentifier>{739904af-b851-45b7-b111-615602019b9e}</UniqueIdentifier>
    </Filter>
    <Filter Include="backends\glad-backends">
      <UniqueIdentifier>{c80c2d86-d2c4-4494-b441-d84703156f69}</UniqueIdentifier>
    </Filter>
    <Filter Include="backends\imgui-backends">
      <UniqueIdentifier>{e71e5b0c-1aa9-489d-a1bc-b1d983313460}</UniqueIdentifier>
    </Filter>
    <Filter Include="rendering">
      <UniqueIdentifier>{890bfb24-56c5-466e-b9cc-0d307d7be97b}</UniqueIdentifier>
    </Filter>
    <Filter Include="rendering\shaders">
      <UniqueIdentifier>{48e45159-6b3b-420c-8907-a73f2794b562}</UniqueIdentifier>
    </Filter>
    <Filter Include="ui-components">
      <UniqueIdentifier>{09f1604b-58dd-4975-8e2b-801bdf9929ad}</UniqueIdentifier>
    </Filter>
  </ItemGroup>
  <ItemGroup>
    <ClCompile Include="$(SolutionDir)deps\glad\$(Configuration)\src\glad.c">
      <Filter>backends\glad-backends</Filter>
    </ClCompile>
    <ClCompile Include="..\deps\imgui\imgui.cpp">
      <Filter>backends\imgui-backends</Filter>
    </ClCompile>
    <ClCompile Include="..\deps\imgui\imgui_demo.cpp">
      <Filter>backends\imgui-backends</Filter>
    </ClCompile>
    <ClCompile Include="..\deps\imgui\imgui_draw.cpp">
      <Filter>backends\imgui-backends</Filter>
    </ClCompile>
    <ClCompile Include="..\deps\imgui\imgui_tables.cpp">
      <Filter>backends\imgui-backends</Filter>
    </ClCompile>
    <ClCompile Include="..\deps\imgui\imgui_widgets.cpp">
      <Filter>backends\imgui-backends</Filter>
    </ClCompile>
    <ClCompile Include="..\deps\imgui\backends\imgui_impl_glfw.cpp">
      <Filter>backends\imgui-backends</Filter>
    </ClCompile>
    <ClCompile Include="..\deps\imgui\backends\imgui_impl_opengl3.cpp">
      <Filter>backends\imgui-backends</Filter>
    </ClCompile>
    <ClCompile Include="importers\assimp_model_importer.cpp">
      <Filter>importing</Filter>
    </ClCompile>
    <ClCompile Include="main.cpp" />
    <ClCompile Include="rendering\global_environment.h">
      <Filter>rendering</Filter>
    </ClCompile>
    <ClCompile Include="application\graphics_engine_application.cpp" />
    <ClCompile Include="rendering\schemas\simple_rendering_scheme.cpp" />
    <ClCompile Include="rendering\rendering_tmp.cpp" />
    <ClCompile Include="rendering\schemas\blin_fong_rendering_scheme.cpp" />
    <ClCompile Include="utils\shader_load_utils.cpp" />
  </ItemGroup>
  <ItemGroup>
    <ClInclude Include="importers\assimp_model_importer.h">
      <Filter>importing</Filter>
    </ClInclude>
    <ClInclude Include="importers\model_importer.h">
      <Filter>importing</Filter>
    </ClInclude>
    <ClInclude Include="rendering\rendering_tmp.h">
      <Filter>rendering</Filter>
    </ClInclude>
    <ClInclude Include="rendering\camera.hpp">
      <Filter>rendering</Filter>
    </ClInclude>
    <ClInclude Include="application\graphics_engine_application.h" />
    <ClInclude Include="rendering\schemas\rendering_scheme.h" />
    <ClInclude Include="rendering\schemas\simple_rendering_scheme.h" />
    <ClInclude Include="utils\shader_load_utils.h" />
    <ClInclude Include="rendering\schemas\blin_fong_rendering_scheme.h" />
  </ItemGroup>
  <ItemGroup>
    <CopyFileToFolders Include="rendering\shaders\simple.frag">
      <Filter>rendering\shaders</Filter>
    </CopyFileToFolders>
    <CopyFileToFolders Include="rendering\shaders\simple.vert">
      <Filter>rendering\shaders</Filter>
    </CopyFileToFolders>
  </ItemGroup>
  <ItemGroup>
    <None Include="rendering\shaders\blin-fong.vert" />
    <None Include="rendering\shaders\blin-fong.frag" />
  </ItemGroup>
</Project>